
Microsoft Visual Studio Solution File, Format Version 12.00
# Visual Studio Version 17
VisualStudioVersion = 17.3.32922.545
MinimumVisualStudioVersion = 10.0.40219.1
Project("{FAE04EC0-301F-11D3-BF4B-00C04F79EFBC}") = "LoginForm", "LoginForm\LoginForm.csproj", "{420D3B1F-D2E8-4F15-9B75-61E0FBF0D9A6}"
EndProject
Global
	GlobalSection(SolutionConfigurationPlatforms) = preSolution
		Debug|Any CPU = Debug|Any CPU
		Release|Any CPU = Release|Any CPU
	EndGlobalSection
	GlobalSection(ProjectConfigurationPlatforms) = postSolution
		{420D3B1F-D2E8-4F15-9B75-61E0FBF0D9A6}.Debug|Any CPU.ActiveCfg = Debug|Any CPU
		{420D3B1F-D2E8-4F15-9B75-61E0FBF0D9A6}.Debug|Any CPU.Build.0 = Debug|Any CPU
		{420D3B1F-D2E8-4F15-9B75-61E0FBF0D9A6}.Release|Any CPU.ActiveCfg = Release|Any CPU
		{420D3B1F-D2E8-4F15-9B75-61E0FBF0D9A6}.Release|Any CPU.Build.0 = Release|Any CPU
	EndGlobalSection
	GlobalSection(SolutionProperties) = preSolution
		HideSolutionNode = FALSE
	EndGlobalSection
	GlobalSection(ExtensibilityGlobals) = postSolution
		SolutionGuid = {AB894E14-E75D-4BBC-A64F-00B4CD7D7B62}
	EndGlobalSection
EndGlobal
